<?xml version="1.0" encoding="utf-8"?>
<Project ToolsVersion="4.0" xmlns="http://schemas.microsoft.com/developer/msbuild/2003">
  <ItemGroup>
    <Filter Include="Fazel">
      <UniqueIdentifier>{97F8280D-030D-51BE-CC8E-F41D38624DEF}</UniqueIdentifier>
    </Filter>
  </ItemGroup>
  <ItemGroup>
    <ClInclude Include="src\Fazel.h" />
    <ClInclude Include="src\Fazel\Application.h">
      <Filter>Fazel</Filter>
    </ClInclude>
    <ClInclude Include="src\Fazel\Core.h">
      <Filter>Fazel</Filter>
    </ClInclude>
    <ClInclude Include="src\Fazel\EntryPoint.h">
      <Filter>Fazel</Filter>
    </ClInclude>
    <ClInclude Include="src\Fazel\Log.h">
      <Filter>Fazel</Filter>
    </ClInclude>
  </ItemGroup>
  <ItemGroup>
    <ClCompile Include="src\Fazel\Application.cpp">
      <Filter>Fazel</Filter>
    </ClCompile>
    <ClCompile Include="src\Fazel\Log.cpp">
      <Filter>Fazel</Filter>
    </ClCompile>
  </ItemGroup>
</Project>